
Microsoft Visual Studio Solution File, Format Version 12.00
# Visual Studio Version 16
VisualStudioVersion = 16.0.29613.14
MinimumVisualStudioVersion = 10.0.40219.1
Project("{6EC3EE1D-3C4E-46DD-8F32-0CC8E7565705}") = "CarParking.Core", "CarParking.Core\CarParking.Core.fsproj", "{F0BD5F13-7203-49C8-8F59-268A8520EC86}"
EndProject
Project("{6EC3EE1D-3C4E-46DD-8F32-0CC8E7565705}") = "CarParking.DataLayer", "CarParking.DataLayer\CarParking.DataLayer.fsproj", "{2A78FF20-9CC2-4755-A559-85C40737018B}"
EndProject
Project("{6EC3EE1D-3C4E-46DD-8F32-0CC8E7565705}") = "CarParking.Workflow", "CarParking.Workflow\CarParking.Workflow.fsproj", "{ABA5D65D-61E1-45BB-A86C-3346604D79E2}"
EndProject
Project("{6EC3EE1D-3C4E-46DD-8F32-0CC8E7565705}") = "CarParking.Utils", "CarParking.Utils\CarParking.Utils.fsproj", "{2F417139-C75A-4463-91DF-CB5E2ABA2EE9}"
EndProject
Project("{6EC3EE1D-3C4E-46DD-8F32-0CC8E7565705}") = "CarParking.WebApi", "CarParking.WebApi\CarParking.WebApi.fsproj", "{1918B54B-9CEE-4777-9B66-4D1450F0181A}"
EndProject
Project("{6EC3EE1D-3C4E-46DD-8F32-0CC8E7565705}") = "CarParking.DataLayer.Dto", "CarParking.DataLayer.Dto\CarParking.DataLayer.Dto.fsproj", "{6E0FB7A8-6F9C-4BC5-B3C5-13084F6D0E37}"
EndProject
Project("{6EC3EE1D-3C4E-46DD-8F32-0CC8E7565705}") = "CarParking.Error", "CarParking.Error\CarParking.Error.fsproj", "{92862E15-A7E4-4559-84D7-5E5564A238BC}"
EndProject
Project("{6EC3EE1D-3C4E-46DD-8F32-0CC8E7565705}") = "CarParking.Workflow.IntegrationTests", "CarParking.Workflow.IntegrationTests\CarParking.Workflow.IntegrationTests.fsproj", "{E8979750-7F25-49D5-A190-B54A75CB3A74}"
EndProject
Project("{6EC3EE1D-3C4E-46DD-8F32-0CC8E7565705}") = "CarParking.WebUI", "CarParking.WebUI\CarParking.WebUI.fsproj", "{C98DBE43-6FD0-43E7-BA14-1CCD521E89CE}"
EndProject
Global
	GlobalSection(SolutionConfigurationPlatforms) = preSolution
		Debug|Any CPU = Debug|Any CPU
		Release|Any CPU = Release|Any CPU
	EndGlobalSection
	GlobalSection(ProjectConfigurationPlatforms) = postSolution
		{F0BD5F13-7203-49C8-8F59-268A8520EC86}.Debug|Any CPU.ActiveCfg = Debug|Any CPU
		{F0BD5F13-7203-49C8-8F59-268A8520EC86}.Debug|Any CPU.Build.0 = Debug|Any CPU
		{F0BD5F13-7203-49C8-8F59-268A8520EC86}.Release|Any CPU.ActiveCfg = Release|Any CPU
		{F0BD5F13-7203-49C8-8F59-268A8520EC86}.Release|Any CPU.Build.0 = Release|Any CPU
		{2A78FF20-9CC2-4755-A559-85C40737018B}.Debug|Any CPU.ActiveCfg = Debug|Any CPU
		{2A78FF20-9CC2-4755-A559-85C40737018B}.Debug|Any CPU.Build.0 = Debug|Any CPU
		{2A78FF20-9CC2-4755-A559-85C40737018B}.Release|Any CPU.ActiveCfg = Release|Any CPU
		{2A78FF20-9CC2-4755-A559-85C40737018B}.Release|Any CPU.Build.0 = Release|Any CPU
		{ABA5D65D-61E1-45BB-A86C-3346604D79E2}.Debug|Any CPU.ActiveCfg = Debug|Any CPU
		{ABA5D65D-61E1-45BB-A86C-3346604D79E2}.Debug|Any CPU.Build.0 = Debug|Any CPU
		{ABA5D65D-61E1-45BB-A86C-3346604D79E2}.Release|Any CPU.ActiveCfg = Release|Any CPU
		{ABA5D65D-61E1-45BB-A86C-3346604D79E2}.Release|Any CPU.Build.0 = Release|Any CPU
		{2F417139-C75A-4463-91DF-CB5E2ABA2EE9}.Debug|Any CPU.ActiveCfg = Debug|Any CPU
		{2F417139-C75A-4463-91DF-CB5E2ABA2EE9}.Debug|Any CPU.Build.0 = Debug|Any CPU
		{2F417139-C75A-4463-91DF-CB5E2ABA2EE9}.Release|Any CPU.ActiveCfg = Release|Any CPU
		{2F417139-C75A-4463-91DF-CB5E2ABA2EE9}.Release|Any CPU.Build.0 = Release|Any CPU
		{1918B54B-9CEE-4777-9B66-4D1450F0181A}.Debug|Any CPU.ActiveCfg = Debug|Any CPU
		{1918B54B-9CEE-4777-9B66-4D1450F0181A}.Debug|Any CPU.Build.0 = Debug|Any CPU
		{1918B54B-9CEE-4777-9B66-4D1450F0181A}.Release|Any CPU.ActiveCfg = Release|Any CPU
		{1918B54B-9CEE-4777-9B66-4D1450F0181A}.Release|Any CPU.Build.0 = Release|Any CPU
		{6E0FB7A8-6F9C-4BC5-B3C5-13084F6D0E37}.Debug|Any CPU.ActiveCfg = Debug|Any CPU
		{6E0FB7A8-6F9C-4BC5-B3C5-13084F6D0E37}.Debug|Any CPU.Build.0 = Debug|Any CPU
		{6E0FB7A8-6F9C-4BC5-B3C5-13084F6D0E37}.Release|Any CPU.ActiveCfg = Release|Any CPU
		{6E0FB7A8-6F9C-4BC5-B3C5-13084F6D0E37}.Release|Any CPU.Build.0 = Release|Any CPU
		{92862E15-A7E4-4559-84D7-5E5564A238BC}.Debug|Any CPU.ActiveCfg = Debug|Any CPU
		{92862E15-A7E4-4559-84D7-5E5564A238BC}.Debug|Any CPU.Build.0 = Debug|Any CPU
		{92862E15-A7E4-4559-84D7-5E5564A238BC}.Release|Any CPU.ActiveCfg = Release|Any CPU
		{92862E15-A7E4-4559-84D7-5E5564A238BC}.Release|Any CPU.Build.0 = Release|Any CPU
		{E8979750-7F25-49D5-A190-B54A75CB3A74}.Debug|Any CPU.ActiveCfg = Debug|Any CPU
		{E8979750-7F25-49D5-A190-B54A75CB3A74}.Debug|Any CPU.Build.0 = Debug|Any CPU
		{E8979750-7F25-49D5-A190-B54A75CB3A74}.Release|Any CPU.ActiveCfg = Release|Any CPU
		{E8979750-7F25-49D5-A190-B54A75CB3A74}.Release|Any CPU.Build.0 = Release|Any CPU
		{C98DBE43-6FD0-43E7-BA14-1CCD521E89CE}.Debug|Any CPU.ActiveCfg = Debug|Any CPU
		{C98DBE43-6FD0-43E7-BA14-1CCD521E89CE}.Debug|Any CPU.Build.0 = Debug|Any CPU
		{C98DBE43-6FD0-43E7-BA14-1CCD521E89CE}.Release|Any CPU.ActiveCfg = Release|Any CPU
		{C98DBE43-6FD0-43E7-BA14-1CCD521E89CE}.Release|Any CPU.Build.0 = Release|Any CPU
	EndGlobalSection
	GlobalSection(SolutionProperties) = preSolution
		HideSolutionNode = FALSE
	EndGlobalSection
	GlobalSection(ExtensibilityGlobals) = postSolution
		SolutionGuid = {F4A52FA2-D97C-4683-BA7A-C102C3BDD7FC}
	EndGlobalSection
EndGlobal
